
Microsoft Visual Studio Solution File, Format Version 12.00
# Visual Studio Version 16
VisualStudioVersion = 16.0.29102.190
MinimumVisualStudioVersion = 10.0.40219.1
Project("{FAE04EC0-301F-11D3-BF4B-00C04F79EFBC}") = "SimpleSkript", "SimpleSkript\SimpleSkript.csproj", "{A8C54EEF-0882-4977-8AD6-50E54AEA883D}"
EndProject
Global
	GlobalSection(SolutionConfigurationPlatforms) = preSolution
		Debug|Any CPU = Debug|Any CPU
		Release|Any CPU = Release|Any CPU
	EndGlobalSection
	GlobalSection(ProjectConfigurationPlatforms) = postSolution
		{A8C54EEF-0882-4977-8AD6-50E54AEA883D}.Debug|Any CPU.ActiveCfg = Debug|Any CPU
		{A8C54EEF-0882-4977-8AD6-50E54AEA883D}.Debug|Any CPU.Build.0 = Debug|Any CPU
		{A8C54EEF-0882-4977-8AD6-50E54AEA883D}.Release|Any CPU.ActiveCfg = Release|Any CPU
		{A8C54EEF-0882-4977-8AD6-50E54AEA883D}.Release|Any CPU.Build.0 = Release|Any CPU
	EndGlobalSection
	GlobalSection(SolutionProperties) = preSolution
		HideSolutionNode = FALSE
	EndGlobalSection
	GlobalSection(ExtensibilityGlobals) = postSolution
		SolutionGuid = {1A1F2CDD-B570-4B6C-8A06-DA1F1DC9022A}
	EndGlobalSection
EndGlobal
